
Microsoft Visual Studio Solution File, Format Version 12.00
# Visual Studio Version 16
VisualStudioVersion = 16.0.30621.155
MinimumVisualStudioVersion = 10.0.40219.1
Project("{FAE04EC0-301F-11D3-BF4B-00C04F79EFBC}") = "ProyectoFinalAppConsola", "ProyectoFinalAppConsola.csproj", "{76453B6A-58EE-4AFC-AFE6-5DB6C83CE8CB}"
EndProject
Global
	GlobalSection(SolutionConfigurationPlatforms) = preSolution
		Debug|Any CPU = Debug|Any CPU
		Release|Any CPU = Release|Any CPU
	EndGlobalSection
	GlobalSection(ProjectConfigurationPlatforms) = postSolution
		{76453B6A-58EE-4AFC-AFE6-5DB6C83CE8CB}.Debug|Any CPU.ActiveCfg = Debug|Any CPU
		{76453B6A-58EE-4AFC-AFE6-5DB6C83CE8CB}.Debug|Any CPU.Build.0 = Debug|Any CPU
		{76453B6A-58EE-4AFC-AFE6-5DB6C83CE8CB}.Release|Any CPU.ActiveCfg = Release|Any CPU
		{76453B6A-58EE-4AFC-AFE6-5DB6C83CE8CB}.Release|Any CPU.Build.0 = Release|Any CPU
	EndGlobalSection
	GlobalSection(SolutionProperties) = preSolution
		HideSolutionNode = FALSE
	EndGlobalSection
	GlobalSection(ExtensibilityGlobals) = postSolution
		SolutionGuid = {08575F42-29CF-49FC-A9AD-6EAA27BFBC96}
	EndGlobalSection
EndGlobal
